
Microsoft Visual Studio Solution File, Format Version 12.00
# Visual Studio Version 17
VisualStudioVersion = 17.0.32112.339
MinimumVisualStudioVersion = 10.0.40219.1
Project("{FAE04EC0-301F-11D3-BF4B-00C04F79EFBC}") = "Lesson4", "Lesson4\Lesson4.csproj", "{95933500-09CA-46D6-B444-ADF6E2924D7A}"
EndProject
Global
	GlobalSection(SolutionConfigurationPlatforms) = preSolution
		Debug|Any CPU = Debug|Any CPU
		Release|Any CPU = Release|Any CPU
	EndGlobalSection
	GlobalSection(ProjectConfigurationPlatforms) = postSolution
		{95933500-09CA-46D6-B444-ADF6E2924D7A}.Debug|Any CPU.ActiveCfg = Debug|Any CPU
		{95933500-09CA-46D6-B444-ADF6E2924D7A}.Debug|Any CPU.Build.0 = Debug|Any CPU
		{95933500-09CA-46D6-B444-ADF6E2924D7A}.Release|Any CPU.ActiveCfg = Release|Any CPU
		{95933500-09CA-46D6-B444-ADF6E2924D7A}.Release|Any CPU.Build.0 = Release|Any CPU
	EndGlobalSection
	GlobalSection(SolutionProperties) = preSolution
		HideSolutionNode = FALSE
	EndGlobalSection
	GlobalSection(ExtensibilityGlobals) = postSolution
		SolutionGuid = {9C8B17E5-B8EE-40D5-B117-94C3B66FD48E}
	EndGlobalSection
EndGlobal
